# Generated by `python -m app_bundle lock` for aarch64-apple-darwin.
# Every entry is pinned and hashed: this is the set of binaries the
# signing plan enumerates, so changing it is a reviewed act.
#
# The engine itself is not here — it is installed from the checkout with
# --no-deps, because it is not published.
aiofiles==25.1.0 \
    --hash=sha256:abe311e527c862958650f9438e859c1fa7568a141b22abcd015e120e86a85695
aioice==0.10.2 \
    --hash=sha256:14911c15ab12d096dd14d372ebb4aecbb7420b52c9b76fdfcf54375dec17fcbf
aiortc==1.15.0 \
    --hash=sha256:4e1e54bff31a9c2cb654c7b7edc068085a7df53365e5df24a5cb24168e3f95f7
av==17.1.0 \
    --hash=sha256:43ebbe977f19a7f2d2bd1a4e119675a0b15e05852cf7309846b6ab922ba7ffe9
cffi==2.1.1 \
    --hash=sha256:f81b3b8f3d4e343550fa4baa0e479bba9f2d29ce9c2e9b51d1ce1718d7442fcf
cryptography==50.0.0 \
    --hash=sha256:031e2d5dd4bb9caa3ca9c82e5a197fd8ae680232cee62603d1a813f3f07e3d03
dnspython==2.8.0 \
    --hash=sha256:01d9bbc4a2d76bf0db7c1f729812ded6d912bd318d3b1cf81d30c0f845dbf3af
google-crc32c==1.8.0 \
    --hash=sha256:4b8286b659c1335172e39563ab0a768b8015e88e08329fa5321f774275fc3113
ifaddr==0.2.0 \
    --hash=sha256:085e0305cfe6f16ab12d72e2024030f5d52674afad6911bb1eee207177b8a748
livekit==1.1.17 \
    --hash=sha256:078d249974aed5e845b60f840802e36dc9d2c9c1dd606341fb95ee018749169e
numpy==2.5.3 \
    --hash=sha256:a72f874bc9e10e4b8f80426fb49716d5141f64442a0c8418065093ec8017fbb0
protobuf==7.36.1 \
    --hash=sha256:3cf2ee25d006cee57294a1196ea43b37feb78e0dcd1e8af5c1aeddb777655aca
pycparser==3.0 \
    --hash=sha256:b727414169a36b7d524c1c3e31839a521725078d7b2ff038656844266160a992
pyee==14.0.0 \
    --hash=sha256:3ac2d3229a9677f7de2c33d7f52fe25b638a46b19c413fea2edc8c6d0a644e4d
pylibsrtp==1.0.0 \
    --hash=sha256:aaad74e5c8cbc1c32056c3767fea494c1e62b3aea2c908eda2a1051389fdad76
pyobjc-core==12.2.2 \
    --hash=sha256:122e6ad302a2abf5d4d4adb0156db751600ddf2768441696cba17b31323085e7
pyobjc-framework-Cocoa==12.2.2 \
    --hash=sha256:e106f395531e67694376b0f1184612cbeea3ec8b9bf56b55ef41d026171d2a2d
pyobjc-framework-CoreAudio==12.2.2 \
    --hash=sha256:7222c2b2317a6a350e08239b3b7ba7b4570b06ec8697b9bc53793bd6f85e3134
pyOpenSSL==26.4.0 \
    --hash=sha256:f0eb0cb2d581d3ad2b9c489468485e7f2ab6727d08401bcf9d824c3caddf3c1c
sounddevice==0.5.6 \
    --hash=sha256:e3aef00ad8b1d1740eb66d9a7671eab88a4d2b8fa4ab33498d742e63b65c309c
types-protobuf==7.35.1.20260906 \
    --hash=sha256:5155e48569e0dabff303fdf578db96cd31ea9a4a63b18018a4ceac6b0ae17462
typing_extensions==4.16.0 \
    --hash=sha256:481caa481374e813c1b176ada14e97f1f67a4539ce9cfeb3f350d78d6370c2e8
